// !$*UTF8*$!
{
	archiveVersion = 1;
	classes = {
	};
	objectVersion = 50;
	objects = {

/* Begin PBXBuildFile section */
		8501403B2544E22F0088FA3E /* GuessGridFooterView.swift in Sources */ = {isa = PBXBuildFile; fileRef = 8501403A2544E22F0088FA3E /* GuessGridFooterView.swift */; };
		85014048254795660088FA3E /* Constants.swift in Sources */ = {isa = PBXBuildFile; fileRef = 85014047254795650088FA3E /* Constants.swift */; };
		8501404D2548BAF10088FA3E /* EntityTableSectionHeaderView.swift in Sources */ = {isa = PBXBuildFile; fileRef = 8501404C2548BAF10088FA3E /* EntityTableSectionHeaderView.swift */; };
		850140552549E7350088FA3E /* EnterGuessViewController.swift in Sources */ = {isa = PBXBuildFile; fileRef = 850140542549E7350088FA3E /* EnterGuessViewController.swift */; };
		8501405A254A00830088FA3E /* TouchDelegatingView.swift in Sources */ = {isa = PBXBuildFile; fileRef = 85014059254A00830088FA3E /* TouchDelegatingView.swift */; };
		8501405F254B50C20088FA3E /* EnterGuessPresenter.swift in Sources */ = {isa = PBXBuildFile; fileRef = 8501405E254B50C20088FA3E /* EnterGuessPresenter.swift */; };
		85014064254B53AC0088FA3E /* Entity.swift in Sources */ = {isa = PBXBuildFile; fileRef = 85014063254B53AC0088FA3E /* Entity.swift */; };
		85014069254C7F1D0088FA3E /* EnterGuessControlsView.swift in Sources */ = {isa = PBXBuildFile; fileRef = 85014068254C7F1D0088FA3E /* EnterGuessControlsView.swift */; };
		854B3E912550DDBB003397E0 /* CoreDataManager.swift in Sources */ = {isa = PBXBuildFile; fileRef = 854B3E902550DDBA003397E0 /* CoreDataManager.swift */; };
		854B3E9625537F55003397E0 /* CoreDataStack.swift in Sources */ = {isa = PBXBuildFile; fileRef = 854B3E9525537F55003397E0 /* CoreDataStack.swift */; };
		857B353B25B74BB0004CC310 /* CoreData+Extensions.swift in Sources */ = {isa = PBXBuildFile; fileRef = 857B353A25B74BB0004CC310 /* CoreData+Extensions.swift */; };
		8586DF3325539C3F0066EE65 /* GuessCategoryView.swift in Sources */ = {isa = PBXBuildFile; fileRef = 8586DF3225539C3F0066EE65 /* GuessCategoryView.swift */; };
		8586DF3825547C810066EE65 /* GuessCategory.swift in Sources */ = {isa = PBXBuildFile; fileRef = 8586DF3725547C810066EE65 /* GuessCategory.swift */; };
		8586DF3D2555CC3F0066EE65 /* TitleDetailViewController.swift in Sources */ = {isa = PBXBuildFile; fileRef = 8586DF3C2555CC3F0066EE65 /* TitleDetailViewController.swift */; };
		8586DF422555CC540066EE65 /* PersonDetailViewController.swift in Sources */ = {isa = PBXBuildFile; fileRef = 8586DF412555CC540066EE65 /* PersonDetailViewController.swift */; };
		8586DF4A2555DE100066EE65 /* PersonOverviewView.swift in Sources */ = {isa = PBXBuildFile; fileRef = 8586DF492555DE100066EE65 /* PersonOverviewView.swift */; };
		8586DF4F255613360066EE65 /* ShrinkOnTouchView.swift in Sources */ = {isa = PBXBuildFile; fileRef = 8586DF4E255613360066EE65 /* ShrinkOnTouchView.swift */; };
		8586DF54255A15970066EE65 /* ShrinkOnTouchButton.swift in Sources */ = {isa = PBXBuildFile; fileRef = 8586DF53255A15970066EE65 /* ShrinkOnTouchButton.swift */; };
		8588FD01255F27E50054EC17 /* CardPresentationController.swift in Sources */ = {isa = PBXBuildFile; fileRef = 8588FD00255F27E50054EC17 /* CardPresentationController.swift */; };
		8588FD09255F2A8E0054EC17 /* CardTransition.swift in Sources */ = {isa = PBXBuildFile; fileRef = 8588FD08255F2A8E0054EC17 /* CardTransition.swift */; };
		8588FD0E255F38D30054EC17 /* PresentCardAnimator.swift in Sources */ = {isa = PBXBuildFile; fileRef = 8588FD0D255F38D30054EC17 /* PresentCardAnimator.swift */; };
		8588FD13255F390F0054EC17 /* DismissCardAnimator.swift in Sources */ = {isa = PBXBuildFile; fileRef = 8588FD12255F390F0054EC17 /* DismissCardAnimator.swift */; };
		8588FD18255F51670054EC17 /* DetailPresenterViewController.swift in Sources */ = {isa = PBXBuildFile; fileRef = 8588FD17255F51670054EC17 /* DetailPresenterViewController.swift */; };
		8588FD1D256059D10054EC17 /* DetailViewController.swift in Sources */ = {isa = PBXBuildFile; fileRef = 8588FD1C256059D10054EC17 /* DetailViewController.swift */; };
		8588FD222560AAA90054EC17 /* CardCollectionViewCell.swift in Sources */ = {isa = PBXBuildFile; fileRef = 8588FD212560AAA90054EC17 /* CardCollectionViewCell.swift */; };
		8588FD272561E1BF0054EC17 /* CardView.swift in Sources */ = {isa = PBXBuildFile; fileRef = 8588FD262561E1BF0054EC17 /* CardView.swift */; };
		8588FD2C256883800054EC17 /* MovieOrTVShow.swift in Sources */ = {isa = PBXBuildFile; fileRef = 8588FD2B2568837F0054EC17 /* MovieOrTVShow.swift */; };
		8588FD31256884660054EC17 /* Job.swift in Sources */ = {isa = PBXBuildFile; fileRef = 8588FD30256884660054EC17 /* Job.swift */; };
		8588FD36256887AC0054EC17 /* TitleDetailPresenter.swift in Sources */ = {isa = PBXBuildFile; fileRef = 8588FD35256887AC0054EC17 /* TitleDetailPresenter.swift */; };
		8588FD3B256887BC0054EC17 /* PersonDetailPresenter.swift in Sources */ = {isa = PBXBuildFile; fileRef = 8588FD3A256887BC0054EC17 /* PersonDetailPresenter.swift */; };
		85905C3F256B01AF00443348 /* PersonEndPoint.swift in Sources */ = {isa = PBXBuildFile; fileRef = 85905C3E256B01AF00443348 /* PersonEndPoint.swift */; };
		85905C44256B046A00443348 /* NetworkEnvironment.swift in Sources */ = {isa = PBXBuildFile; fileRef = 85905C43256B046A00443348 /* NetworkEnvironment.swift */; };
		85CF3457252D430C00A101C9 /* AppDelegate.swift in Sources */ = {isa = PBXBuildFile; fileRef = 85CF3456252D430C00A101C9 /* AppDelegate.swift */; };
		85CF3459252D430C00A101C9 /* SceneDelegate.swift in Sources */ = {isa = PBXBuildFile; fileRef = 85CF3458252D430C00A101C9 /* SceneDelegate.swift */; };
		85CF3461252D430C00A101C9 /* WotMovie.xcdatamodeld in Sources */ = {isa = PBXBuildFile; fileRef = 85CF345F252D430C00A101C9 /* WotMovie.xcdatamodeld */; };
		85CF3463252D430F00A101C9 /* Assets.xcassets in Resources */ = {isa = PBXBuildFile; fileRef = 85CF3462252D430F00A101C9 /* Assets.xcassets */; };
		85CF3466252D430F00A101C9 /* LaunchScreen.storyboard in Resources */ = {isa = PBXBuildFile; fileRef = 85CF3464252D430F00A101C9 /* LaunchScreen.storyboard */; };
		85CF347C252D430F00A101C9 /* WotMovieUITests.swift in Sources */ = {isa = PBXBuildFile; fileRef = 85CF347B252D430F00A101C9 /* WotMovieUITests.swift */; };
		85CF3498252E5E1700A101C9 /* EndPointType.swift in Sources */ = {isa = PBXBuildFile; fileRef = 85CF3497252E5E1700A101C9 /* EndPointType.swift */; };
		85CF34A0252E5EE400A101C9 /* HTTPMethod.swift in Sources */ = {isa = PBXBuildFile; fileRef = 85CF349F252E5EE400A101C9 /* HTTPMethod.swift */; };
		85CF34A5252E5F3A00A101C9 /* HTTPTask.swift in Sources */ = {isa = PBXBuildFile; fileRef = 85CF34A4252E5F3A00A101C9 /* HTTPTask.swift */; };
		85CF34AA252E602600A101C9 /* ParameterEncoding.swift in Sources */ = {isa = PBXBuildFile; fileRef = 85CF34A9252E602600A101C9 /* ParameterEncoding.swift */; };
		85CF34AF252E61CE00A101C9 /* URLParameterEncoder.swift in Sources */ = {isa = PBXBuildFile; fileRef = 85CF34AE252E61CE00A101C9 /* URLParameterEncoder.swift */; };
		85CF34B4252E739B00A101C9 /* JSONParameterEncoder.swift in Sources */ = {isa = PBXBuildFile; fileRef = 85CF34B3252E739B00A101C9 /* JSONParameterEncoder.swift */; };
		85CF34B9252E8CEE00A101C9 /* NetworkRouter.swift in Sources */ = {isa = PBXBuildFile; fileRef = 85CF34B8252E8CEE00A101C9 /* NetworkRouter.swift */; };
		85CF34BE252E8EAB00A101C9 /* Router.swift in Sources */ = {isa = PBXBuildFile; fileRef = 85CF34BD252E8EAB00A101C9 /* Router.swift */; };
		85CF34C4252EB18100A101C9 /* Movie.swift in Sources */ = {isa = PBXBuildFile; fileRef = 85CF34C3252EB18100A101C9 /* Movie.swift */; };
		85CF34CC252EB61500A101C9 /* NetworkManager.swift in Sources */ = {isa = PBXBuildFile; fileRef = 85CF34CB252EB61500A101C9 /* NetworkManager.swift */; };
		85CF34D1252F97C400A101C9 /* MovieEndPoint.swift in Sources */ = {isa = PBXBuildFile; fileRef = 85CF34D0252F97C400A101C9 /* MovieEndPoint.swift */; };
		85CF34EE2533C0D600A101C9 /* EncodingTests.swift in Sources */ = {isa = PBXBuildFile; fileRef = 85CF34ED2533C0D600A101C9 /* EncodingTests.swift */; };
		85CF34F62533C0FD00A101C9 /* ServiceTests.swift in Sources */ = {isa = PBXBuildFile; fileRef = 85CF34F52533C0FD00A101C9 /* ServiceTests.swift */; };
		85CF34FB2533C10D00A101C9 /* ManagerTests.swift in Sources */ = {isa = PBXBuildFile; fileRef = 85CF34FA2533C10D00A101C9 /* ManagerTests.swift */; };
		85CF35002533C12400A101C9 /* EndPointTests.swift in Sources */ = {isa = PBXBuildFile; fileRef = 85CF34FF2533C12400A101C9 /* EndPointTests.swift */; };
		85CF35092533C14800A101C9 /* MovieTests.swift in Sources */ = {isa = PBXBuildFile; fileRef = 85CF35082533C14800A101C9 /* MovieTests.swift */; };
		85CF3515253529CC00A101C9 /* MockJSON.swift in Sources */ = {isa = PBXBuildFile; fileRef = 85CF3514253529CC00A101C9 /* MockJSON.swift */; };
		85CF352825362D5F00A101C9 /* Extensions.swift in Sources */ = {isa = PBXBuildFile; fileRef = 85CF352725362D5F00A101C9 /* Extensions.swift */; };
		85CF35302536301F00A101C9 /* PropertyWrappers.swift in Sources */ = {isa = PBXBuildFile; fileRef = 85CF352F2536301F00A101C9 /* PropertyWrappers.swift */; };
		85CF353525365B7900A101C9 /* RootTabViewController.swift in Sources */ = {isa = PBXBuildFile; fileRef = 85CF353425365B7900A101C9 /* RootTabViewController.swift */; };
		85CF353A25365C5B00A101C9 /* GuessViewController.swift in Sources */ = {isa = PBXBuildFile; fileRef = 85CF353925365C5B00A101C9 /* GuessViewController.swift */; };
		85CF353F25365C7900A101C9 /* WatchListViewController.swift in Sources */ = {isa = PBXBuildFile; fileRef = 85CF353E25365C7900A101C9 /* WatchListViewController.swift */; };
		85CF354425365CBB00A101C9 /* SettingsViewController.swift in Sources */ = {isa = PBXBuildFile; fileRef = 85CF354325365CBB00A101C9 /* SettingsViewController.swift */; };
		85CF354925365D0B00A101C9 /* GuessGridViewController.swift in Sources */ = {isa = PBXBuildFile; fileRef = 85CF354825365D0B00A101C9 /* GuessGridViewController.swift */; };
		85CF354E25365D3B00A101C9 /* GuessDetailViewController.swift in Sources */ = {isa = PBXBuildFile; fileRef = 85CF354D25365D3B00A101C9 /* GuessDetailViewController.swift */; };
		85CF356625377CBA00A101C9 /* GuessPresenter.swift in Sources */ = {isa = PBXBuildFile; fileRef = 85CF356525377CBA00A101C9 /* GuessPresenter.swift */; };
		85CF356B25377D0200A101C9 /* Genre.swift in Sources */ = {isa = PBXBuildFile; fileRef = 85CF356A25377D0200A101C9 /* Genre.swift */; };
		85CF35702538D38600A101C9 /* TVShow.swift in Sources */ = {isa = PBXBuildFile; fileRef = 85CF356F2538D38600A101C9 /* TVShow.swift */; };
		85CF35752538DA5700A101C9 /* GuessGridPresenter.swift in Sources */ = {isa = PBXBuildFile; fileRef = 85CF35742538DA5700A101C9 /* GuessGridPresenter.swift */; };
		85CF357A2538DE1D00A101C9 /* Title.swift in Sources */ = {isa = PBXBuildFile; fileRef = 85CF35792538DE1D00A101C9 /* Title.swift */; };
		85CF3582253A181F00A101C9 /* ImageEndPoint.swift in Sources */ = {isa = PBXBuildFile; fileRef = 85CF3581253A181F00A101C9 /* ImageEndPoint.swift */; };
		85CF3587253A306100A101C9 /* GuessGridCollectionViewCell.swift in Sources */ = {isa = PBXBuildFile; fileRef = 85CF3586253A306100A101C9 /* GuessGridCollectionViewCell.swift */; };
		85CF358C253A32D700A101C9 /* ImageDownloadManager.swift in Sources */ = {isa = PBXBuildFile; fileRef = 85CF358B253A32D700A101C9 /* ImageDownloadManager.swift */; };
		85CF3591253A346800A101C9 /* NetworkResponse.swift in Sources */ = {isa = PBXBuildFile; fileRef = 85CF3590253A346800A101C9 /* NetworkResponse.swift */; };
		85CF3596253CBE1900A101C9 /* GuessDetailPresenter.swift in Sources */ = {isa = PBXBuildFile; fileRef = 85CF3595253CBE1900A101C9 /* GuessDetailPresenter.swift */; };
		85CF359B253E0CFB00A101C9 /* DetailOverviewView.swift in Sources */ = {isa = PBXBuildFile; fileRef = 85CF359A253E0CFB00A101C9 /* DetailOverviewView.swift */; };
		85CF35A0253E48A300A101C9 /* PosterImageView.swift in Sources */ = {isa = PBXBuildFile; fileRef = 85CF359F253E48A300A101C9 /* PosterImageView.swift */; };
		85CF35AA2540B3F600A101C9 /* EntityTableViewController.swift in Sources */ = {isa = PBXBuildFile; fileRef = 85CF35A92540B3F600A101C9 /* EntityTableViewController.swift */; };
		85CF35B22540D92900A101C9 /* ContentSizedTableView.swift in Sources */ = {isa = PBXBuildFile; fileRef = 85CF35B12540D92900A101C9 /* ContentSizedTableView.swift */; };
		85CF35B72540E1D000A101C9 /* Credits.swift in Sources */ = {isa = PBXBuildFile; fileRef = 85CF35B62540E1D000A101C9 /* Credits.swift */; };
		85CF35BC2540E41B00A101C9 /* Person.swift in Sources */ = {isa = PBXBuildFile; fileRef = 85CF35BB2540E41B00A101C9 /* Person.swift */; };
		85CF35C12541F9DD00A101C9 /* EntityTableViewCell.swift in Sources */ = {isa = PBXBuildFile; fileRef = 85CF35C02541F9DD00A101C9 /* EntityTableViewCell.swift */; };
		85CF35D32543912300A101C9 /* HorizontalCollectionViewController.swift in Sources */ = {isa = PBXBuildFile; fileRef = 85CF35D22543912300A101C9 /* HorizontalCollectionViewController.swift */; };
		85CF35DB2543A8AD00A101C9 /* HorizontalCollectionViewCell.swift in Sources */ = {isa = PBXBuildFile; fileRef = 85CF35DA2543A8AD00A101C9 /* HorizontalCollectionViewCell.swift */; };
/* End PBXBuildFile section */

/* Begin PBXContainerItemProxy section */
		85CF346D252D430F00A101C9 /* PBXContainerItemProxy */ = {
			isa = PBXContainerItemProxy;
			containerPortal = 85CF344B252D430C00A101C9 /* Project object */;
			proxyType = 1;
			remoteGlobalIDString = 85CF3452252D430C00A101C9;
			remoteInfo = WotMovie;
		};
		85CF3478252D430F00A101C9 /* PBXContainerItemProxy */ = {
			isa = PBXContainerItemProxy;
			containerPortal = 85CF344B252D430C00A101C9 /* Project object */;
			proxyType = 1;
			remoteGlobalIDString = 85CF3452252D430C00A101C9;
			remoteInfo = WotMovie;
		};
/* End PBXContainerItemProxy section */

/* Begin PBXFileReference section */
		8501403A2544E22F0088FA3E /* GuessGridFooterView.swift */ = {isa = PBXFileReference; lastKnownFileType = sourcecode.swift; path = GuessGridFooterView.swift; sourceTree = "<group>"; };
		85014047254795650088FA3E /* Constants.swift */ = {isa = PBXFileReference; lastKnownFileType = sourcecode.swift; path = Constants.swift; sourceTree = "<group>"; };
		8501404C2548BAF10088FA3E /* EntityTableSectionHeaderView.swift */ = {isa = PBXFileReference; lastKnownFileType = sourcecode.swift; path = EntityTableSectionHeaderView.swift; sourceTree = "<group>"; };
		850140542549E7350088FA3E /* EnterGuessViewController.swift */ = {isa = PBXFileReference; lastKnownFileType = sourcecode.swift; path = EnterGuessViewController.swift; sourceTree = "<group>"; };
		85014059254A00830088FA3E /* TouchDelegatingView.swift */ = {isa = PBXFileReference; lastKnownFileType = sourcecode.swift; path = TouchDelegatingView.swift; sourceTree = "<group>"; };
		8501405E254B50C20088FA3E /* EnterGuessPresenter.swift */ = {isa = PBXFileReference; lastKnownFileType = sourcecode.swift; path = EnterGuessPresenter.swift; sourceTree = "<group>"; };
		85014063254B53AC0088FA3E /* Entity.swift */ = {isa = PBXFileReference; lastKnownFileType = sourcecode.swift; path = Entity.swift; sourceTree = "<group>"; };
		85014068254C7F1D0088FA3E /* EnterGuessControlsView.swift */ = {isa = PBXFileReference; lastKnownFileType = sourcecode.swift; path = EnterGuessControlsView.swift; sourceTree = "<group>"; };
		854B3E902550DDBA003397E0 /* CoreDataManager.swift */ = {isa = PBXFileReference; lastKnownFileType = sourcecode.swift; path = CoreDataManager.swift; sourceTree = "<group>"; };
		854B3E9525537F55003397E0 /* CoreDataStack.swift */ = {isa = PBXFileReference; lastKnownFileType = sourcecode.swift; path = CoreDataStack.swift; sourceTree = "<group>"; };
		857B353A25B74BB0004CC310 /* CoreData+Extensions.swift */ = {isa = PBXFileReference; lastKnownFileType = sourcecode.swift; path = "CoreData+Extensions.swift"; sourceTree = "<group>"; };
		8586DF3225539C3F0066EE65 /* GuessCategoryView.swift */ = {isa = PBXFileReference; lastKnownFileType = sourcecode.swift; path = GuessCategoryView.swift; sourceTree = "<group>"; };
		8586DF3725547C810066EE65 /* GuessCategory.swift */ = {isa = PBXFileReference; lastKnownFileType = sourcecode.swift; path = GuessCategory.swift; sourceTree = "<group>"; };
		8586DF3C2555CC3F0066EE65 /* TitleDetailViewController.swift */ = {isa = PBXFileReference; lastKnownFileType = sourcecode.swift; path = TitleDetailViewController.swift; sourceTree = "<group>"; };
		8586DF412555CC540066EE65 /* PersonDetailViewController.swift */ = {isa = PBXFileReference; lastKnownFileType = sourcecode.swift; path = PersonDetailViewController.swift; sourceTree = "<group>"; };
		8586DF492555DE100066EE65 /* PersonOverviewView.swift */ = {isa = PBXFileReference; lastKnownFileType = sourcecode.swift; path = PersonOverviewView.swift; sourceTree = "<group>"; };
		8586DF4E255613360066EE65 /* ShrinkOnTouchView.swift */ = {isa = PBXFileReference; lastKnownFileType = sourcecode.swift; path = ShrinkOnTouchView.swift; sourceTree = "<group>"; };
		8586DF53255A15970066EE65 /* ShrinkOnTouchButton.swift */ = {isa = PBXFileReference; lastKnownFileType = sourcecode.swift; path = ShrinkOnTouchButton.swift; sourceTree = "<group>"; };
		8588FD00255F27E50054EC17 /* CardPresentationController.swift */ = {isa = PBXFileReference; lastKnownFileType = sourcecode.swift; path = CardPresentationController.swift; sourceTree = "<group>"; };
		8588FD08255F2A8E0054EC17 /* CardTransition.swift */ = {isa = PBXFileReference; lastKnownFileType = sourcecode.swift; path = CardTransition.swift; sourceTree = "<group>"; };
		8588FD0D255F38D30054EC17 /* PresentCardAnimator.swift */ = {isa = PBXFileReference; lastKnownFileType = sourcecode.swift; path = PresentCardAnimator.swift; sourceTree = "<group>"; };
		8588FD12255F390F0054EC17 /* DismissCardAnimator.swift */ = {isa = PBXFileReference; lastKnownFileType = sourcecode.swift; path = DismissCardAnimator.swift; sourceTree = "<group>"; };
		8588FD17255F51670054EC17 /* DetailPresenterViewController.swift */ = {isa = PBXFileReference; lastKnownFileType = sourcecode.swift; path = DetailPresenterViewController.swift; sourceTree = "<group>"; };
		8588FD1C256059D10054EC17 /* DetailViewController.swift */ = {isa = PBXFileReference; lastKnownFileType = sourcecode.swift; path = DetailViewController.swift; sourceTree = "<group>"; };
		8588FD212560AAA90054EC17 /* CardCollectionViewCell.swift */ = {isa = PBXFileReference; lastKnownFileType = sourcecode.swift; path = CardCollectionViewCell.swift; sourceTree = "<group>"; };
		8588FD262561E1BF0054EC17 /* CardView.swift */ = {isa = PBXFileReference; lastKnownFileType = sourcecode.swift; path = CardView.swift; sourceTree = "<group>"; };
		8588FD2B2568837F0054EC17 /* MovieOrTVShow.swift */ = {isa = PBXFileReference; lastKnownFileType = sourcecode.swift; path = MovieOrTVShow.swift; sourceTree = "<group>"; };
		8588FD30256884660054EC17 /* Job.swift */ = {isa = PBXFileReference; lastKnownFileType = sourcecode.swift; path = Job.swift; sourceTree = "<group>"; };
		8588FD35256887AC0054EC17 /* TitleDetailPresenter.swift */ = {isa = PBXFileReference; lastKnownFileType = sourcecode.swift; path = TitleDetailPresenter.swift; sourceTree = "<group>"; };
		8588FD3A256887BC0054EC17 /* PersonDetailPresenter.swift */ = {isa = PBXFileReference; lastKnownFileType = sourcecode.swift; path = PersonDetailPresenter.swift; sourceTree = "<group>"; };
		85905C3E256B01AF00443348 /* PersonEndPoint.swift */ = {isa = PBXFileReference; lastKnownFileType = sourcecode.swift; path = PersonEndPoint.swift; sourceTree = "<group>"; };
		85905C43256B046A00443348 /* NetworkEnvironment.swift */ = {isa = PBXFileReference; lastKnownFileType = sourcecode.swift; path = NetworkEnvironment.swift; sourceTree = "<group>"; };
		85CF3453252D430C00A101C9 /* WotMovie.app */ = {isa = PBXFileReference; explicitFileType = wrapper.application; includeInIndex = 0; path = WotMovie.app; sourceTree = BUILT_PRODUCTS_DIR; };
		85CF3456252D430C00A101C9 /* AppDelegate.swift */ = {isa = PBXFileReference; lastKnownFileType = sourcecode.swift; path = AppDelegate.swift; sourceTree = "<group>"; };
		85CF3458252D430C00A101C9 /* SceneDelegate.swift */ = {isa = PBXFileReference; lastKnownFileType = sourcecode.swift; path = SceneDelegate.swift; sourceTree = "<group>"; };
		85CF3460252D430C00A101C9 /* WotMovie.xcdatamodel */ = {isa = PBXFileReference; lastKnownFileType = wrapper.xcdatamodel; path = WotMovie.xcdatamodel; sourceTree = "<group>"; };
		85CF3462252D430F00A101C9 /* Assets.xcassets */ = {isa = PBXFileReference; lastKnownFileType = folder.assetcatalog; path = Assets.xcassets; sourceTree = "<group>"; };
		85CF3465252D430F00A101C9 /* Base */ = {isa = PBXFileReference; lastKnownFileType = file.storyboard; name = Base; path = Base.lproj/LaunchScreen.storyboard; sourceTree = "<group>"; };
		85CF3467252D430F00A101C9 /* Info.plist */ = {isa = PBXFileReference; lastKnownFileType = text.plist.xml; path = Info.plist; sourceTree = "<group>"; };
		85CF346C252D430F00A101C9 /* WotMovieTests.xctest */ = {isa = PBXFileReference; explicitFileType = wrapper.cfbundle; includeInIndex = 0; path = WotMovieTests.xctest; sourceTree = BUILT_PRODUCTS_DIR; };
		85CF3472252D430F00A101C9 /* Info.plist */ = {isa = PBXFileReference; lastKnownFileType = text.plist.xml; path = Info.plist; sourceTree = "<group>"; };
		85CF3477252D430F00A101C9 /* WotMovieUITests.xctest */ = {isa = PBXFileReference; explicitFileType = wrapper.cfbundle; includeInIndex = 0; path = WotMovieUITests.xctest; sourceTree = BUILT_PRODUCTS_DIR; };
		85CF347B252D430F00A101C9 /* WotMovieUITests.swift */ = {isa = PBXFileReference; lastKnownFileType = sourcecode.swift; path = WotMovieUITests.swift; sourceTree = "<group>"; };
		85CF347D252D430F00A101C9 /* Info.plist */ = {isa = PBXFileReference; lastKnownFileType = text.plist.xml; path = Info.plist; sourceTree = "<group>"; };
		85CF3497252E5E1700A101C9 /* EndPointType.swift */ = {isa = PBXFileReference; lastKnownFileType = sourcecode.swift; path = EndPointType.swift; sourceTree = "<group>"; };
		85CF349F252E5EE400A101C9 /* HTTPMethod.swift */ = {isa = PBXFileReference; lastKnownFileType = sourcecode.swift; path = HTTPMethod.swift; sourceTree = "<group>"; };
		85CF34A4252E5F3A00A101C9 /* HTTPTask.swift */ = {isa = PBXFileReference; lastKnownFileType = sourcecode.swift; path = HTTPTask.swift; sourceTree = "<group>"; };
		85CF34A9252E602600A101C9 /* ParameterEncoding.swift */ = {isa = PBXFileReference; lastKnownFileType = sourcecode.swift; path = ParameterEncoding.swift; sourceTree = "<group>"; };
		85CF34AE252E61CE00A101C9 /* URLParameterEncoder.swift */ = {isa = PBXFileReference; lastKnownFileType = sourcecode.swift; path = URLParameterEncoder.swift; sourceTree = "<group>"; };
		85CF34B3252E739B00A101C9 /* JSONParameterEncoder.swift */ = {isa = PBXFileReference; lastKnownFileType = sourcecode.swift; path = JSONParameterEncoder.swift; sourceTree = "<group>"; };
		85CF34B8252E8CEE00A101C9 /* NetworkRouter.swift */ = {isa = PBXFileReference; lastKnownFileType = sourcecode.swift; path = NetworkRouter.swift; sourceTree = "<group>"; };
		85CF34BD252E8EAB00A101C9 /* Router.swift */ = {isa = PBXFileReference; lastKnownFileType = sourcecode.swift; path = Router.swift; sourceTree = "<group>"; };
		85CF34C3252EB18100A101C9 /* Movie.swift */ = {isa = PBXFileReference; lastKnownFileType = sourcecode.swift; path = Movie.swift; sourceTree = "<group>"; };
		85CF34CB252EB61500A101C9 /* NetworkManager.swift */ = {isa = PBXFileReference; lastKnownFileType = sourcecode.swift; path = NetworkManager.swift; sourceTree = "<group>"; };
		85CF34D0252F97C400A101C9 /* MovieEndPoint.swift */ = {isa = PBXFileReference; lastKnownFileType = sourcecode.swift; path = MovieEndPoint.swift; sourceTree = "<group>"; };
		85CF34ED2533C0D600A101C9 /* EncodingTests.swift */ = {isa = PBXFileReference; lastKnownFileType = sourcecode.swift; path = EncodingTests.swift; sourceTree = "<group>"; };
		85CF34F52533C0FD00A101C9 /* ServiceTests.swift */ = {isa = PBXFileReference; lastKnownFileType = sourcecode.swift; path = ServiceTests.swift; sourceTree = "<group>"; };
		85CF34FA2533C10D00A101C9 /* ManagerTests.swift */ = {isa = PBXFileReference; lastKnownFileType = sourcecode.swift; path = ManagerTests.swift; sourceTree = "<group>"; };
		85CF34FF2533C12400A101C9 /* EndPointTests.swift */ = {isa = PBXFileReference; lastKnownFileType = sourcecode.swift; path = EndPointTests.swift; sourceTree = "<group>"; };
		85CF35082533C14800A101C9 /* MovieTests.swift */ = {isa = PBXFileReference; lastKnownFileType = sourcecode.swift; path = MovieTests.swift; sourceTree = "<group>"; };
		85CF3514253529CC00A101C9 /* MockJSON.swift */ = {isa = PBXFileReference; lastKnownFileType = sourcecode.swift; path = MockJSON.swift; sourceTree = "<group>"; };
		85CF352725362D5F00A101C9 /* Extensions.swift */ = {isa = PBXFileReference; lastKnownFileType = sourcecode.swift; path = Extensions.swift; sourceTree = "<group>"; };
		85CF352F2536301F00A101C9 /* PropertyWrappers.swift */ = {isa = PBXFileReference; lastKnownFileType = sourcecode.swift; path = PropertyWrappers.swift; sourceTree = "<group>"; };
		85CF353425365B7900A101C9 /* RootTabViewController.swift */ = {isa = PBXFileReference; lastKnownFileType = sourcecode.swift; path = RootTabViewController.swift; sourceTree = "<group>"; };
		85CF353925365C5B00A101C9 /* GuessViewController.swift */ = {isa = PBXFileReference; lastKnownFileType = sourcecode.swift; path = GuessViewController.swift; sourceTree = "<group>"; };
		85CF353E25365C7900A101C9 /* WatchListViewController.swift */ = {isa = PBXFileReference; lastKnownFileType = sourcecode.swift; path = WatchListViewController.swift; sourceTree = "<group>"; };
		85CF354325365CBB00A101C9 /* SettingsViewController.swift */ = {isa = PBXFileReference; lastKnownFileType = sourcecode.swift; path = SettingsViewController.swift; sourceTree = "<group>"; };
		85CF354825365D0B00A101C9 /* GuessGridViewController.swift */ = {isa = PBXFileReference; lastKnownFileType = sourcecode.swift; path = GuessGridViewController.swift; sourceTree = "<group>"; tabWidth = 4; };
		85CF354D25365D3B00A101C9 /* GuessDetailViewController.swift */ = {isa = PBXFileReference; lastKnownFileType = sourcecode.swift; path = GuessDetailViewController.swift; sourceTree = "<group>"; };
		85CF356525377CBA00A101C9 /* GuessPresenter.swift */ = {isa = PBXFileReference; lastKnownFileType = sourcecode.swift; path = GuessPresenter.swift; sourceTree = "<group>"; };
		85CF356A25377D0200A101C9 /* Genre.swift */ = {isa = PBXFileReference; lastKnownFileType = sourcecode.swift; path = Genre.swift; sourceTree = "<group>"; };
		85CF356F2538D38600A101C9 /* TVShow.swift */ = {isa = PBXFileReference; lastKnownFileType = sourcecode.swift; path = TVShow.swift; sourceTree = "<group>"; };
		85CF35742538DA5700A101C9 /* GuessGridPresenter.swift */ = {isa = PBXFileReference; lastKnownFileType = sourcecode.swift; path = GuessGridPresenter.swift; sourceTree = "<group>"; };
		85CF35792538DE1D00A101C9 /* Title.swift */ = {isa = PBXFileReference; lastKnownFileType = sourcecode.swift; path = Title.swift; sourceTree = "<group>"; };
		85CF3581253A181F00A101C9 /* ImageEndPoint.swift */ = {isa = PBXFileReference; lastKnownFileType = sourcecode.swift; path = ImageEndPoint.swift; sourceTree = "<group>"; };
		85CF3586253A306100A101C9 /* GuessGridCollectionViewCell.swift */ = {isa = PBXFileReference; lastKnownFileType = sourcecode.swift; path = GuessGridCollectionViewCell.swift; sourceTree = "<group>"; };
		85CF358B253A32D700A101C9 /* ImageDownloadManager.swift */ = {isa = PBXFileReference; lastKnownFileType = sourcecode.swift; path = ImageDownloadManager.swift; sourceTree = "<group>"; };
		85CF3590253A346800A101C9 /* NetworkResponse.swift */ = {isa = PBXFileReference; lastKnownFileType = sourcecode.swift; path = NetworkResponse.swift; sourceTree = "<group>"; };
		85CF3595253CBE1900A101C9 /* GuessDetailPresenter.swift */ = {isa = PBXFileReference; lastKnownFileType = sourcecode.swift; path = GuessDetailPresenter.swift; sourceTree = "<group>"; };
		85CF359A253E0CFB00A101C9 /* DetailOverviewView.swift */ = {isa = PBXFileReference; lastKnownFileType = sourcecode.swift; path = DetailOverviewView.swift; sourceTree = "<group>"; };
		85CF359F253E48A300A101C9 /* PosterImageView.swift */ = {isa = PBXFileReference; lastKnownFileType = sourcecode.swift; path = PosterImageView.swift; sourceTree = "<group>"; };
		85CF35A92540B3F600A101C9 /* EntityTableViewController.swift */ = {isa = PBXFileReference; lastKnownFileType = sourcecode.swift; path = EntityTableViewController.swift; sourceTree = "<group>"; };
		85CF35B12540D92900A101C9 /* ContentSizedTableView.swift */ = {isa = PBXFileReference; lastKnownFileType = sourcecode.swift; path = ContentSizedTableView.swift; sourceTree = "<group>"; };
		85CF35B62540E1D000A101C9 /* Credits.swift */ = {isa = PBXFileReference; lastKnownFileType = sourcecode.swift; path = Credits.swift; sourceTree = "<group>"; };
		85CF35BB2540E41B00A101C9 /* Person.swift */ = {isa = PBXFileReference; lastKnownFileType = sourcecode.swift; path = Person.swift; sourceTree = "<group>"; };
		85CF35C02541F9DD00A101C9 /* EntityTableViewCell.swift */ = {isa = PBXFileReference; lastKnownFileType = sourcecode.swift; path = EntityTableViewCell.swift; sourceTree = "<group>"; };
		85CF35D22543912300A101C9 /* HorizontalCollectionViewController.swift */ = {isa = PBXFileReference; lastKnownFileType = sourcecode.swift; path = HorizontalCollectionViewController.swift; sourceTree = "<group>"; };
		85CF35DA2543A8AD00A101C9 /* HorizontalCollectionViewCell.swift */ = {isa = PBXFileReference; lastKnownFileType = sourcecode.swift; path = HorizontalCollectionViewCell.swift; sourceTree = "<group>"; };
/* End PBXFileReference section */

/* Begin PBXFrameworksBuildPhase section */
		85CF3450252D430C00A101C9 /* Frameworks */ = {
			isa = PBXFrameworksBuildPhase;
			buildActionMask = 2147483647;
			files = (
			);
			runOnlyForDeploymentPostprocessing = 0;
		};
		85CF3469252D430F00A101C9 /* Frameworks */ = {
			isa = PBXFrameworksBuildPhase;
			buildActionMask = 2147483647;
			files = (
			);
			runOnlyForDeploymentPostprocessing = 0;
		};
		85CF3474252D430F00A101C9 /* Frameworks */ = {
			isa = PBXFrameworksBuildPhase;
			buildActionMask = 2147483647;
			files = (
			);
			runOnlyForDeploymentPostprocessing = 0;
		};
/* End PBXFrameworksBuildPhase section */

/* Begin PBXGroup section */
		854B3E8B2550D7BC003397E0 /* Persistence */ = {
			isa = PBXGroup;
			children = (
				854B3E8C2550DD78003397E0 /* Managers */,
				854B3E9525537F55003397E0 /* CoreDataStack.swift */,
				857B353A25B74BB0004CC310 /* CoreData+Extensions.swift */,
			);
			path = Persistence;
			sourceTree = "<group>";
		};
		854B3E8C2550DD78003397E0 /* Managers */ = {
			isa = PBXGroup;
			children = (
				854B3E902550DDBA003397E0 /* CoreDataManager.swift */,
			);
			path = Managers;
			sourceTree = "<group>";
		};
		857B352F25B62367004CC310 /* Detail */ = {
			isa = PBXGroup;
			children = (
				85CF354D25365D3B00A101C9 /* GuessDetailViewController.swift */,
				8586DF3C2555CC3F0066EE65 /* TitleDetailViewController.swift */,
				8586DF412555CC540066EE65 /* PersonDetailViewController.swift */,
			);
			path = Detail;
			sourceTree = "<group>";
		};
		857B353325B6291D004CC310 /* Detail */ = {
			isa = PBXGroup;
			children = (
				8586DF492555DE100066EE65 /* PersonOverviewView.swift */,
				85CF359A253E0CFB00A101C9 /* DetailOverviewView.swift */,
				85014068254C7F1D0088FA3E /* EnterGuessControlsView.swift */,
			);
			path = Detail;
			sourceTree = "<group>";
		};
		8588FCFF255F27A60054EC17 /* Transition */ = {
			isa = PBXGroup;
			children = (
				8588FD00255F27E50054EC17 /* CardPresentationController.swift */,
				8588FD08255F2A8E0054EC17 /* CardTransition.swift */,
				8588FD0D255F38D30054EC17 /* PresentCardAnimator.swift */,
				8588FD12255F390F0054EC17 /* DismissCardAnimator.swift */,
				8588FD17255F51670054EC17 /* DetailPresenterViewController.swift */,
				8588FD1C256059D10054EC17 /* DetailViewController.swift */,
			);
			path = Transition;
			sourceTree = "<group>";
		};
		8588FD3F2568A9AA0054EC17 /* Detail */ = {
			isa = PBXGroup;
			children = (
				85CF3595253CBE1900A101C9 /* GuessDetailPresenter.swift */,
				8588FD35256887AC0054EC17 /* TitleDetailPresenter.swift */,
				8588FD3A256887BC0054EC17 /* PersonDetailPresenter.swift */,
			);
			path = Detail;
			sourceTree = "<group>";
		};
		85CF344A252D430C00A101C9 = {
			isa = PBXGroup;
			children = (
				85CF3455252D430C00A101C9 /* WotMovie */,
				85CF346F252D430F00A101C9 /* WotMovieTests */,
				85CF347A252D430F00A101C9 /* WotMovieUITests */,
				85CF3454252D430C00A101C9 /* Products */,
			);
			sourceTree = "<group>";
		};
		85CF3454252D430C00A101C9 /* Products */ = {
			isa = PBXGroup;
			children = (
				85CF3453252D430C00A101C9 /* WotMovie.app */,
				85CF346C252D430F00A101C9 /* WotMovieTests.xctest */,
				85CF3477252D430F00A101C9 /* WotMovieUITests.xctest */,
			);
			name = Products;
			sourceTree = "<group>";
		};
		85CF3455252D430C00A101C9 /* WotMovie */ = {
			isa = PBXGroup;
			children = (
				854B3E8B2550D7BC003397E0 /* Persistence */,
				85CF355925377C0800A101C9 /* Presenters */,
				85CF352625362D4800A101C9 /* Utilities */,
				85CF352525362BCE00A101C9 /* UI */,
				85CF34DB252FCB1600A101C9 /* Application */,
				85CF34C2252EB12400A101C9 /* Models */,
				85CF3492252E5DC300A101C9 /* Networking */,
				85CF3467252D430F00A101C9 /* Info.plist */,
				85CF3462252D430F00A101C9 /* Assets.xcassets */,
				85CF345F252D430C00A101C9 /* WotMovie.xcdatamodeld */,
			);
			path = WotMovie;
			sourceTree = "<group>";
		};
		85CF346F252D430F00A101C9 /* WotMovieTests */ = {
			isa = PBXGroup;
			children = (
				85CF35132535299D00A101C9 /* MockObjects */,
				85CF35072533C13000A101C9 /* ModelTests */,
				85CF34EC2533C0B000A101C9 /* NetworkingTests */,
				85CF3472252D430F00A101C9 /* Info.plist */,
			);
			path = WotMovieTests;
			sourceTree = "<group>";
		};
		85CF347A252D430F00A101C9 /* WotMovieUITests */ = {
			isa = PBXGroup;
			children = (
				85CF347B252D430F00A101C9 /* WotMovieUITests.swift */,
				85CF347D252D430F00A101C9 /* Info.plist */,
			);
			path = WotMovieUITests;
			sourceTree = "<group>";
		};
		85CF3492252E5DC300A101C9 /* Networking */ = {
			isa = PBXGroup;
			children = (
				85CF3496252E5DE100A101C9 /* Encoding */,
				85CF3495252E5DDB00A101C9 /* Service */,
				85CF3494252E5DD400A101C9 /* Managers */,
				85CF3493252E5DCD00A101C9 /* EndPoints */,
			);
			path = Networking;
			sourceTree = "<group>";
		};
		85CF3493252E5DCD00A101C9 /* EndPoints */ = {
			isa = PBXGroup;
			children = (
				85CF34D0252F97C400A101C9 /* MovieEndPoint.swift */,
				85CF3581253A181F00A101C9 /* ImageEndPoint.swift */,
				85905C3E256B01AF00443348 /* PersonEndPoint.swift */,
				85905C43256B046A00443348 /* NetworkEnvironment.swift */,
			);
			path = EndPoints;
			sourceTree = "<group>";
		};
		85CF3494252E5DD400A101C9 /* Managers */ = {
			isa = PBXGroup;
			children = (
				85CF34CB252EB61500A101C9 /* NetworkManager.swift */,
				85CF358B253A32D700A101C9 /* ImageDownloadManager.swift */,
			);
			path = Managers;
			sourceTree = "<group>";
		};
		85CF3495252E5DDB00A101C9 /* Service */ = {
			isa = PBXGroup;
			children = (
				85CF34BD252E8EAB00A101C9 /* Router.swift */,
				85CF34B8252E8CEE00A101C9 /* NetworkRouter.swift */,
				85CF3497252E5E1700A101C9 /* EndPointType.swift */,
				85CF349F252E5EE400A101C9 /* HTTPMethod.swift */,
				85CF34A4252E5F3A00A101C9 /* HTTPTask.swift */,
				85CF3590253A346800A101C9 /* NetworkResponse.swift */,
			);
			path = Service;
			sourceTree = "<group>";
		};
		85CF3496252E5DE100A101C9 /* Encoding */ = {
			isa = PBXGroup;
			children = (
				85CF34A9252E602600A101C9 /* ParameterEncoding.swift */,
				85CF34AE252E61CE00A101C9 /* URLParameterEncoder.swift */,
				85CF34B3252E739B00A101C9 /* JSONParameterEncoder.swift */,
			);
			path = Encoding;
			sourceTree = "<group>";
		};
		85CF34C2252EB12400A101C9 /* Models */ = {
			isa = PBXGroup;
			children = (
				85CF34C3252EB18100A101C9 /* Movie.swift */,
				85CF356A25377D0200A101C9 /* Genre.swift */,
				85CF356F2538D38600A101C9 /* TVShow.swift */,
				85CF35792538DE1D00A101C9 /* Title.swift */,
				85CF35B62540E1D000A101C9 /* Credits.swift */,
				85CF35BB2540E41B00A101C9 /* Person.swift */,
				85014063254B53AC0088FA3E /* Entity.swift */,
				8586DF3725547C810066EE65 /* GuessCategory.swift */,
				8588FD2B2568837F0054EC17 /* MovieOrTVShow.swift */,
				8588FD30256884660054EC17 /* Job.swift */,
			);
			path = Models;
			sourceTree = "<group>";
		};
		85CF34DB252FCB1600A101C9 /* Application */ = {
			isa = PBXGroup;
			children = (
				85CF3456252D430C00A101C9 /* AppDelegate.swift */,
				85CF3458252D430C00A101C9 /* SceneDelegate.swift */,
				85CF3464252D430F00A101C9 /* LaunchScreen.storyboard */,
			);
			path = Application;
			sourceTree = "<group>";
		};
		85CF34DC252FCB7500A101C9 /* ViewControllers */ = {
			isa = PBXGroup;
			children = (
				857B352F25B62367004CC310 /* Detail */,
				85CF353425365B7900A101C9 /* RootTabViewController.swift */,
				85CF353925365C5B00A101C9 /* GuessViewController.swift */,
				85CF353E25365C7900A101C9 /* WatchListViewController.swift */,
				85CF354325365CBB00A101C9 /* SettingsViewController.swift */,
				85CF354825365D0B00A101C9 /* GuessGridViewController.swift */,
				85CF35A92540B3F600A101C9 /* EntityTableViewController.swift */,
				85CF35D22543912300A101C9 /* HorizontalCollectionViewController.swift */,
				850140542549E7350088FA3E /* EnterGuessViewController.swift */,
			);
			path = ViewControllers;
			sourceTree = "<group>";
		};
		85CF34EC2533C0B000A101C9 /* NetworkingTests */ = {
			isa = PBXGroup;
			children = (
				85CF34ED2533C0D600A101C9 /* EncodingTests.swift */,
				85CF34F52533C0FD00A101C9 /* ServiceTests.swift */,
				85CF34FA2533C10D00A101C9 /* ManagerTests.swift */,
				85CF34FF2533C12400A101C9 /* EndPointTests.swift */,
			);
			path = NetworkingTests;
			sourceTree = "<group>";
		};
		85CF35072533C13000A101C9 /* ModelTests */ = {
			isa = PBXGroup;
			children = (
				85CF35082533C14800A101C9 /* MovieTests.swift */,
			);
			path = ModelTests;
			sourceTree = "<group>";
		};
		85CF35132535299D00A101C9 /* MockObjects */ = {
			isa = PBXGroup;
			children = (
				85CF3514253529CC00A101C9 /* MockJSON.swift */,
			);
			path = MockObjects;
			sourceTree = "<group>";
		};
		85CF352525362BCE00A101C9 /* UI */ = {
			isa = PBXGroup;
			children = (
				8588FCFF255F27A60054EC17 /* Transition */,
				85CF35552536688B00A101C9 /* Views */,
				85CF34DC252FCB7500A101C9 /* ViewControllers */,
			);
			path = UI;
			sourceTree = "<group>";
		};
		85CF352625362D4800A101C9 /* Utilities */ = {
			isa = PBXGroup;
			children = (
				85CF352725362D5F00A101C9 /* Extensions.swift */,
				85CF352F2536301F00A101C9 /* PropertyWrappers.swift */,
				85014047254795650088FA3E /* Constants.swift */,
			);
			path = Utilities;
			sourceTree = "<group>";
		};
		85CF35552536688B00A101C9 /* Views */ = {
			isa = PBXGroup;
			children = (
				857B353325B6291D004CC310 /* Detail */,
				85CF3586253A306100A101C9 /* GuessGridCollectionViewCell.swift */,
				85CF359F253E48A300A101C9 /* PosterImageView.swift */,
				85CF35B12540D92900A101C9 /* ContentSizedTableView.swift */,
				85CF35C02541F9DD00A101C9 /* EntityTableViewCell.swift */,
				85CF35DA2543A8AD00A101C9 /* HorizontalCollectionViewCell.swift */,
				8501403A2544E22F0088FA3E /* GuessGridFooterView.swift */,
				8501404C2548BAF10088FA3E /* EntityTableSectionHeaderView.swift */,
				85014059254A00830088FA3E /* TouchDelegatingView.swift */,
				8586DF3225539C3F0066EE65 /* GuessCategoryView.swift */,
				8586DF4E255613360066EE65 /* ShrinkOnTouchView.swift */,
				8586DF53255A15970066EE65 /* ShrinkOnTouchButton.swift */,
				8588FD212560AAA90054EC17 /* CardCollectionViewCell.swift */,
				8588FD262561E1BF0054EC17 /* CardView.swift */,
			);
			path = Views;
			sourceTree = "<group>";
		};
		85CF355925377C0800A101C9 /* Presenters */ = {
			isa = PBXGroup;
			children = (
				8588FD3F2568A9AA0054EC17 /* Detail */,
				85CF356525377CBA00A101C9 /* GuessPresenter.swift */,
				85CF35742538DA5700A101C9 /* GuessGridPresenter.swift */,
				8501405E254B50C20088FA3E /* EnterGuessPresenter.swift */,
			);
			path = Presenters;
			sourceTree = "<group>";
		};
/* End PBXGroup section */

/* Begin PBXNativeTarget section */
		85CF3452252D430C00A101C9 /* WotMovie */ = {
			isa = PBXNativeTarget;
			buildConfigurationList = 85CF3480252D430F00A101C9 /* Build configuration list for PBXNativeTarget "WotMovie" */;
			buildPhases = (
				85CF344F252D430C00A101C9 /* Sources */,
				85CF3450252D430C00A101C9 /* Frameworks */,
				85CF3451252D430C00A101C9 /* Resources */,
			);
			buildRules = (
			);
			dependencies = (
			);
			name = WotMovie;
			productName = WotMovie;
			productReference = 85CF3453252D430C00A101C9 /* WotMovie.app */;
			productType = "com.apple.product-type.application";
		};
		85CF346B252D430F00A101C9 /* WotMovieTests */ = {
			isa = PBXNativeTarget;
			buildConfigurationList = 85CF3483252D430F00A101C9 /* Build configuration list for PBXNativeTarget "WotMovieTests" */;
			buildPhases = (
				85CF3468252D430F00A101C9 /* Sources */,
				85CF3469252D430F00A101C9 /* Frameworks */,
				85CF346A252D430F00A101C9 /* Resources */,
			);
			buildRules = (
			);
			dependencies = (
				85CF346E252D430F00A101C9 /* PBXTargetDependency */,
			);
			name = WotMovieTests;
			productName = WotMovieTests;
			productReference = 85CF346C252D430F00A101C9 /* WotMovieTests.xctest */;
			productType = "com.apple.product-type.bundle.unit-test";
		};
		85CF3476252D430F00A101C9 /* WotMovieUITests */ = {
			isa = PBXNativeTarget;
			buildConfigurationList = 85CF3486252D430F00A101C9 /* Build configuration list for PBXNativeTarget "WotMovieUITests" */;
			buildPhases = (
				85CF3473252D430F00A101C9 /* Sources */,
				85CF3474252D430F00A101C9 /* Frameworks */,
				85CF3475252D430F00A101C9 /* Resources */,
			);
			buildRules = (
			);
			dependencies = (
				85CF3479252D430F00A101C9 /* PBXTargetDependency */,
			);
			name = WotMovieUITests;
			productName = WotMovieUITests;
			productReference = 85CF3477252D430F00A101C9 /* WotMovieUITests.xctest */;
			productType = "com.apple.product-type.bundle.ui-testing";
		};
/* End PBXNativeTarget section */

/* Begin PBXProject section */
		85CF344B252D430C00A101C9 /* Project object */ = {
			isa = PBXProject;
			attributes = {
				LastSwiftUpdateCheck = 1200;
				LastUpgradeCheck = 1200;
				TargetAttributes = {
					85CF3452252D430C00A101C9 = {
						CreatedOnToolsVersion = 12.0.1;
					};
					85CF346B252D430F00A101C9 = {
						CreatedOnToolsVersion = 12.0.1;
						TestTargetID = 85CF3452252D430C00A101C9;
					};
					85CF3476252D430F00A101C9 = {
						CreatedOnToolsVersion = 12.0.1;
						TestTargetID = 85CF3452252D430C00A101C9;
					};
				};
			};
			buildConfigurationList = 85CF344E252D430C00A101C9 /* Build configuration list for PBXProject "WotMovie" */;
			compatibilityVersion = "Xcode 9.3";
			developmentRegion = en;
			hasScannedForEncodings = 0;
			knownRegions = (
				en,
				Base,
			);
			mainGroup = 85CF344A252D430C00A101C9;
			productRefGroup = 85CF3454252D430C00A101C9 /* Products */;
			projectDirPath = "";
			projectRoot = "";
			targets = (
				85CF3452252D430C00A101C9 /* WotMovie */,
				85CF346B252D430F00A101C9 /* WotMovieTests */,
				85CF3476252D430F00A101C9 /* WotMovieUITests */,
			);
		};
/* End PBXProject section */

/* Begin PBXResourcesBuildPhase section */
		85CF3451252D430C00A101C9 /* Resources */ = {
			isa = PBXResourcesBuildPhase;
			buildActionMask = 2147483647;
			files = (
				85CF3466252D430F00A101C9 /* LaunchScreen.storyboard in Resources */,
				85CF3463252D430F00A101C9 /* Assets.xcassets in Resources */,
			);
			runOnlyForDeploymentPostprocessing = 0;
		};
		85CF346A252D430F00A101C9 /* Resources */ = {
			isa = PBXResourcesBuildPhase;
			buildActionMask = 2147483647;
			files = (
			);
			runOnlyForDeploymentPostprocessing = 0;
		};
		85CF3475252D430F00A101C9 /* Resources */ = {
			isa = PBXResourcesBuildPhase;
			buildActionMask = 2147483647;
			files = (
			);
			runOnlyForDeploymentPostprocessing = 0;
		};
/* End PBXResourcesBuildPhase section */

/* Begin PBXSourcesBuildPhase section */
		85CF344F252D430C00A101C9 /* Sources */ = {
			isa = PBXSourcesBuildPhase;
			buildActionMask = 2147483647;
			files = (
				85CF35B72540E1D000A101C9 /* Credits.swift in Sources */,
				85CF35752538DA5700A101C9 /* GuessGridPresenter.swift in Sources */,
				8586DF3325539C3F0066EE65 /* GuessCategoryView.swift in Sources */,
				8588FD13255F390F0054EC17 /* DismissCardAnimator.swift in Sources */,
				8588FD18255F51670054EC17 /* DetailPresenterViewController.swift in Sources */,
				8586DF422555CC540066EE65 /* PersonDetailViewController.swift in Sources */,
				85905C3F256B01AF00443348 /* PersonEndPoint.swift in Sources */,
				8588FD09255F2A8E0054EC17 /* CardTransition.swift in Sources */,
				8588FD1D256059D10054EC17 /* DetailViewController.swift in Sources */,
				85CF35702538D38600A101C9 /* TVShow.swift in Sources */,
				85CF34B4252E739B00A101C9 /* JSONParameterEncoder.swift in Sources */,
				85CF35B22540D92900A101C9 /* ContentSizedTableView.swift in Sources */,
				85CF34B9252E8CEE00A101C9 /* NetworkRouter.swift in Sources */,
				85CF354425365CBB00A101C9 /* SettingsViewController.swift in Sources */,
				85CF34A5252E5F3A00A101C9 /* HTTPTask.swift in Sources */,
				8588FD2C256883800054EC17 /* MovieOrTVShow.swift in Sources */,
				85CF3582253A181F00A101C9 /* ImageEndPoint.swift in Sources */,
				85CF34BE252E8EAB00A101C9 /* Router.swift in Sources */,
				85CF3591253A346800A101C9 /* NetworkResponse.swift in Sources */,
				85CF34AA252E602600A101C9 /* ParameterEncoding.swift in Sources */,
				854B3E9625537F55003397E0 /* CoreDataStack.swift in Sources */,
				8501405A254A00830088FA3E /* TouchDelegatingView.swift in Sources */,
				85CF354E25365D3B00A101C9 /* GuessDetailViewController.swift in Sources */,
				85CF35D32543912300A101C9 /* HorizontalCollectionViewController.swift in Sources */,
				8501405F254B50C20088FA3E /* EnterGuessPresenter.swift in Sources */,
				85CF353525365B7900A101C9 /* RootTabViewController.swift in Sources */,
				8501404D2548BAF10088FA3E /* EntityTableSectionHeaderView.swift in Sources */,
				854B3E912550DDBB003397E0 /* CoreDataManager.swift in Sources */,
				85CF35DB2543A8AD00A101C9 /* HorizontalCollectionViewCell.swift in Sources */,
				8588FD0E255F38D30054EC17 /* PresentCardAnimator.swift in Sources */,
				85CF3457252D430C00A101C9 /* AppDelegate.swift in Sources */,
				85014064254B53AC0088FA3E /* Entity.swift in Sources */,
				8588FD31256884660054EC17 /* Job.swift in Sources */,
				85CF359B253E0CFB00A101C9 /* DetailOverviewView.swift in Sources */,
				8586DF3825547C810066EE65 /* GuessCategory.swift in Sources */,
				8501403B2544E22F0088FA3E /* GuessGridFooterView.swift in Sources */,
				8588FD222560AAA90054EC17 /* CardCollectionViewCell.swift in Sources */,
				85CF34A0252E5EE400A101C9 /* HTTPMethod.swift in Sources */,
				8586DF54255A15970066EE65 /* ShrinkOnTouchButton.swift in Sources */,
				85CF354925365D0B00A101C9 /* GuessGridViewController.swift in Sources */,
				85CF34C4252EB18100A101C9 /* Movie.swift in Sources */,
				857B353B25B74BB0004CC310 /* CoreData+Extensions.swift in Sources */,
				8588FD36256887AC0054EC17 /* TitleDetailPresenter.swift in Sources */,
				85014048254795660088FA3E /* Constants.swift in Sources */,
				85CF3459252D430C00A101C9 /* SceneDelegate.swift in Sources */,
				85CF35A0253E48A300A101C9 /* PosterImageView.swift in Sources */,
				85CF357A2538DE1D00A101C9 /* Title.swift in Sources */,
				85CF356625377CBA00A101C9 /* GuessPresenter.swift in Sources */,
				8586DF4A2555DE100066EE65 /* PersonOverviewView.swift in Sources */,
				85CF3596253CBE1900A101C9 /* GuessDetailPresenter.swift in Sources */,
				85CF34CC252EB61500A101C9 /* NetworkManager.swift in Sources */,
				8586DF4F255613360066EE65 /* ShrinkOnTouchView.swift in Sources */,
				85CF352825362D5F00A101C9 /* Extensions.swift in Sources */,
				85CF35AA2540B3F600A101C9 /* EntityTableViewController.swift in Sources */,
				85CF3498252E5E1700A101C9 /* EndPointType.swift in Sources */,
				85CF353A25365C5B00A101C9 /* GuessViewController.swift in Sources */,
				8588FD3B256887BC0054EC17 /* PersonDetailPresenter.swift in Sources */,
				85CF358C253A32D700A101C9 /* ImageDownloadManager.swift in Sources */,
				85CF356B25377D0200A101C9 /* Genre.swift in Sources */,
				85905C44256B046A00443348 /* NetworkEnvironment.swift in Sources */,
				85CF35302536301F00A101C9 /* PropertyWrappers.swift in Sources */,
				85CF3461252D430C00A101C9 /* WotMovie.xcdatamodeld in Sources */,
				85CF34AF252E61CE00A101C9 /* URLParameterEncoder.swift in Sources */,
				85CF353F25365C7900A101C9 /* WatchListViewController.swift in Sources */,
				85CF35BC2540E41B00A101C9 /* Person.swift in Sources */,
				85014069254C7F1D0088FA3E /* EnterGuessControlsView.swift in Sources */,
				85CF3587253A306100A101C9 /* GuessGridCollectionViewCell.swift in Sources */,
				8586DF3D2555CC3F0066EE65 /* TitleDetailViewController.swift in Sources */,
				850140552549E7350088FA3E /* EnterGuessViewController.swift in Sources */,
				85CF35C12541F9DD00A101C9 /* EntityTableViewCell.swift in Sources */,
				8588FD01255F27E50054EC17 /* CardPresentationController.swift in Sources */,
				8588FD272561E1BF0054EC17 /* CardView.swift in Sources */,
				85CF34D1252F97C400A101C9 /* MovieEndPoint.swift in Sources */,
			);
			runOnlyForDeploymentPostprocessing = 0;
		};
		85CF3468252D430F00A101C9 /* Sources */ = {
			isa = PBXSourcesBuildPhase;
			buildActionMask = 2147483647;
			files = (
				85CF34EE2533C0D600A101C9 /* EncodingTests.swift in Sources */,
				85CF34F62533C0FD00A101C9 /* ServiceTests.swift in Sources */,
				85CF35092533C14800A101C9 /* MovieTests.swift in Sources */,
				85CF34FB2533C10D00A101C9 /* ManagerTests.swift in Sources */,
				85CF3515253529CC00A101C9 /* MockJSON.swift in Sources */,
				85CF35002533C12400A101C9 /* EndPointTests.swift in Sources */,
			);
			runOnlyForDeploymentPostprocessing = 0;
		};
		85CF3473252D430F00A101C9 /* Sources */ = {
			isa = PBXSourcesBuildPhase;
			buildActionMask = 2147483647;
			files = (
				85CF347C252D430F00A101C9 /* WotMovieUITests.swift in Sources */,
			);
			runOnlyForDeploymentPostprocessing = 0;
		};
/* End PBXSourcesBuildPhase section */

/* Begin PBXTargetDependency section */
		85CF346E252D430F00A101C9 /* PBXTargetDependency */ = {
			isa = PBXTargetDependency;
			target = 85CF3452252D430C00A101C9 /* WotMovie */;
			targetProxy = 85CF346D252D430F00A101C9 /* PBXContainerItemProxy */;
		};
		85CF3479252D430F00A101C9 /* PBXTargetDependency */ = {
			isa = PBXTargetDependency;
			target = 85CF3452252D430C00A101C9 /* WotMovie */;
			targetProxy = 85CF3478252D430F00A101C9 /* PBXContainerItemProxy */;
		};
/* End PBXTargetDependency section */

/* Begin PBXVariantGroup section */
		85CF3464252D430F00A101C9 /* LaunchScreen.storyboard */ = {
			isa = PBXVariantGroup;
			children = (
				85CF3465252D430F00A101C9 /* Base */,
			);
			name = LaunchScreen.storyboard;
			sourceTree = "<group>";
		};
/* End PBXVariantGroup section */

/* Begin XCBuildConfiguration section */
		85CF347E252D430F00A101C9 /* Debug */ = {
			isa = XCBuildConfiguration;
			buildSettings = {
				ALWAYS_SEARCH_USER_PATHS = NO;
				CLANG_ANALYZER_NONNULL = YES;
				CLANG_ANALYZER_NUMBER_OBJECT_CONVERSION = YES_AGGRESSIVE;
				CLANG_CXX_LANGUAGE_STANDARD = "gnu++14";
				CLANG_CXX_LIBRARY = "libc++";
				CLANG_ENABLE_MODULES = YES;
				CLANG_ENABLE_OBJC_ARC = YES;
				CLANG_ENABLE_OBJC_WEAK = YES;
				CLANG_WARN_BLOCK_CAPTURE_AUTORELEASING = YES;
				CLANG_WARN_BOOL_CONVERSION = YES;
				CLANG_WARN_COMMA = YES;
				CLANG_WARN_CONSTANT_CONVERSION = YES;
				CLANG_WARN_DEPRECATED_OBJC_IMPLEMENTATIONS = YES;
				CLANG_WARN_DIRECT_OBJC_ISA_USAGE = YES_ERROR;
				CLANG_WARN_DOCUMENTATION_COMMENTS = YES;
				CLANG_WARN_EMPTY_BODY = YES;
				CLANG_WARN_ENUM_CONVERSION = YES;
				CLANG_WARN_INFINITE_RECURSION = YES;
				CLANG_WARN_INT_CONVERSION = YES;
				CLANG_WARN_NON_LITERAL_NULL_CONVERSION = YES;
				CLANG_WARN_OBJC_IMPLICIT_RETAIN_SELF = YES;
				CLANG_WARN_OBJC_LITERAL_CONVERSION = YES;
				CLANG_WARN_OBJC_ROOT_CLASS = YES_ERROR;
				CLANG_WARN_QUOTED_INCLUDE_IN_FRAMEWORK_HEADER = YES;
				CLANG_WARN_RANGE_LOOP_ANALYSIS = YES;
				CLANG_WARN_STRICT_PROTOTYPES = YES;
				CLANG_WARN_SUSPICIOUS_MOVE = YES;
				CLANG_WARN_UNGUARDED_AVAILABILITY = YES_AGGRESSIVE;
				CLANG_WARN_UNREACHABLE_CODE = YES;
				CLANG_WARN__DUPLICATE_METHOD_MATCH = YES;
				COPY_PHASE_STRIP = NO;
				DEBUG_INFORMATION_FORMAT = dwarf;
				ENABLE_STRICT_OBJC_MSGSEND = YES;
				ENABLE_TESTABILITY = YES;
				GCC_C_LANGUAGE_STANDARD = gnu11;
				GCC_DYNAMIC_NO_PIC = NO;
				GCC_NO_COMMON_BLOCKS = YES;
				GCC_OPTIMIZATION_LEVEL = 0;
				GCC_PREPROCESSOR_DEFINITIONS = (
					"DEBUG=1",
					"$(inherited)",
				);
				GCC_WARN_64_TO_32_BIT_CONVERSION = YES;
				GCC_WARN_ABOUT_RETURN_TYPE = YES_ERROR;
				GCC_WARN_UNDECLARED_SELECTOR = YES;
				GCC_WARN_UNINITIALIZED_AUTOS = YES_AGGRESSIVE;
				GCC_WARN_UNUSED_FUNCTION = YES;
				GCC_WARN_UNUSED_VARIABLE = YES;
				IPHONEOS_DEPLOYMENT_TARGET = 14.0;
				MTL_ENABLE_DEBUG_INFO = INCLUDE_SOURCE;
				MTL_FAST_MATH = YES;
				ONLY_ACTIVE_ARCH = YES;
				SDKROOT = iphoneos;
				SWIFT_ACTIVE_COMPILATION_CONDITIONS = DEBUG;
				SWIFT_OPTIMIZATION_LEVEL = "-Onone";
			};
			name = Debug;
		};
		85CF347F252D430F00A101C9 /* Release */ = {
			isa = XCBuildConfiguration;
			buildSettings = {
				ALWAYS_SEARCH_USER_PATHS = NO;
				CLANG_ANALYZER_NONNULL = YES;
				CLANG_ANALYZER_NUMBER_OBJECT_CONVERSION = YES_AGGRESSIVE;
				CLANG_CXX_LANGUAGE_STANDARD = "gnu++14";
				CLANG_CXX_LIBRARY = "libc++";
				CLANG_ENABLE_MODULES = YES;
				CLANG_ENABLE_OBJC_ARC = YES;
				CLANG_ENABLE_OBJC_WEAK = YES;
				CLANG_WARN_BLOCK_CAPTURE_AUTORELEASING = YES;
				CLANG_WARN_BOOL_CONVERSION = YES;
				CLANG_WARN_COMMA = YES;
				CLANG_WARN_CONSTANT_CONVERSION = YES;
				CLANG_WARN_DEPRECATED_OBJC_IMPLEMENTATIONS = YES;
				CLANG_WARN_DIRECT_OBJC_ISA_USAGE = YES_ERROR;
				CLANG_WARN_DOCUMENTATION_COMMENTS = YES;
				CLANG_WARN_EMPTY_BODY = YES;
				CLANG_WARN_ENUM_CONVERSION = YES;
				CLANG_WARN_INFINITE_RECURSION = YES;
				CLANG_WARN_INT_CONVERSION = YES;
				CLANG_WARN_NON_LITERAL_NULL_CONVERSION = YES;
				CLANG_WARN_OBJC_IMPLICIT_RETAIN_SELF = YES;
				CLANG_WARN_OBJC_LITERAL_CONVERSION = YES;
				CLANG_WARN_OBJC_ROOT_CLASS = YES_ERROR;
				CLANG_WARN_QUOTED_INCLUDE_IN_FRAMEWORK_HEADER = YES;
				CLANG_WARN_RANGE_LOOP_ANALYSIS = YES;
				CLANG_WARN_STRICT_PROTOTYPES = YES;
				CLANG_WARN_SUSPICIOUS_MOVE = YES;
				CLANG_WARN_UNGUARDED_AVAILABILITY = YES_AGGRESSIVE;
				CLANG_WARN_UNREACHABLE_CODE = YES;
				CLANG_WARN__DUPLICATE_METHOD_MATCH = YES;
				COPY_PHASE_STRIP = NO;
				DEBUG_INFORMATION_FORMAT = "dwarf-with-dsym";
				ENABLE_NS_ASSERTIONS = NO;
				ENABLE_STRICT_OBJC_MSGSEND = YES;
				GCC_C_LANGUAGE_STANDARD = gnu11;
				GCC_NO_COMMON_BLOCKS = YES;
				GCC_WARN_64_TO_32_BIT_CONVERSION = YES;
				GCC_WARN_ABOUT_RETURN_TYPE = YES_ERROR;
				GCC_WARN_UNDECLARED_SELECTOR = YES;
				GCC_WARN_UNINITIALIZED_AUTOS = YES_AGGRESSIVE;
				GCC_WARN_UNUSED_FUNCTION = YES;
				GCC_WARN_UNUSED_VARIABLE = YES;
				IPHONEOS_DEPLOYMENT_TARGET = 14.0;
				MTL_ENABLE_DEBUG_INFO = NO;
				MTL_FAST_MATH = YES;
				SDKROOT = iphoneos;
				SWIFT_COMPILATION_MODE = wholemodule;
				SWIFT_OPTIMIZATION_LEVEL = "-O";
				VALIDATE_PRODUCT = YES;
			};
			name = Release;
		};
		85CF3481252D430F00A101C9 /* Debug */ = {
			isa = XCBuildConfiguration;
			buildSettings = {
				ASSETCATALOG_COMPILER_APPICON_NAME = AppIcon;
				ASSETCATALOG_COMPILER_GLOBAL_ACCENT_COLOR_NAME = AccentColor;
				CODE_SIGN_STYLE = Automatic;
				DEVELOPMENT_TEAM = YTRTBZT9JR;
				INFOPLIST_FILE = WotMovie/Info.plist;
				IPHONEOS_DEPLOYMENT_TARGET = 13.0;
				LD_RUNPATH_SEARCH_PATHS = (
					"$(inherited)",
					"@executable_path/Frameworks",
				);
				PRODUCT_BUNDLE_IDENTIFIER = com.griffinstorback.WotMovie;
				PRODUCT_NAME = "$(TARGET_NAME)";
				SWIFT_VERSION = 5.0;
				TARGETED_DEVICE_FAMILY = "1,2";
			};
			name = Debug;
		};
		85CF3482252D430F00A101C9 /* Release */ = {
			isa = XCBuildConfiguration;
			buildSettings = {
				ASSETCATALOG_COMPILER_APPICON_NAME = AppIcon;
				ASSETCATALOG_COMPILER_GLOBAL_ACCENT_COLOR_NAME = AccentColor;
				CODE_SIGN_STYLE = Automatic;
				DEVELOPMENT_TEAM = YTRTBZT9JR;
				INFOPLIST_FILE = WotMovie/Info.plist;
				IPHONEOS_DEPLOYMENT_TARGET = 13.0;
				LD_RUNPATH_SEARCH_PATHS = (
					"$(inherited)",
					"@executable_path/Frameworks",
				);
				PRODUCT_BUNDLE_IDENTIFIER = com.griffinstorback.WotMovie;
				PRODUCT_NAME = "$(TARGET_NAME)";
				SWIFT_VERSION = 5.0;
				TARGETED_DEVICE_FAMILY = "1,2";
			};
			name = Release;
		};
		85CF3484252D430F00A101C9 /* Debug */ = {
			isa = XCBuildConfiguration;
			buildSettings = {
				ALWAYS_EMBED_SWIFT_STANDARD_LIBRARIES = YES;
				BUNDLE_LOADER = "$(TEST_HOST)";
				CODE_SIGN_STYLE = Automatic;
				DEVELOPMENT_TEAM = YTRTBZT9JR;
				INFOPLIST_FILE = WotMovieTests/Info.plist;
				IPHONEOS_DEPLOYMENT_TARGET = 14.0;
				LD_RUNPATH_SEARCH_PATHS = (
					"$(inherited)",
					"@executable_path/Frameworks",
					"@loader_path/Frameworks",
				);
				PRODUCT_BUNDLE_IDENTIFIER = com.griffinstorback.WotMovieTests;
				PRODUCT_NAME = "$(TARGET_NAME)";
				SWIFT_VERSION = 5.0;
				TARGETED_DEVICE_FAMILY = "1,2";
				TEST_HOST = "$(BUILT_PRODUCTS_DIR)/WotMovie.app/WotMovie";
			};
			name = Debug;
		};
		85CF3485252D430F00A101C9 /* Release */ = {
			isa = XCBuildConfiguration;
			buildSettings = {
				ALWAYS_EMBED_SWIFT_STANDARD_LIBRARIES = YES;
				BUNDLE_LOADER = "$(TEST_HOST)";
				CODE_SIGN_STYLE = Automatic;
				DEVELOPMENT_TEAM = YTRTBZT9JR;
				INFOPLIST_FILE = WotMovieTests/Info.plist;
				IPHONEOS_DEPLOYMENT_TARGET = 14.0;
				LD_RUNPATH_SEARCH_PATHS = (
					"$(inherited)",
					"@executable_path/Frameworks",
					"@loader_path/Frameworks",
				);
				PRODUCT_BUNDLE_IDENTIFIER = com.griffinstorback.WotMovieTests;
				PRODUCT_NAME = "$(TARGET_NAME)";
				SWIFT_VERSION = 5.0;
				TARGETED_DEVICE_FAMILY = "1,2";
				TEST_HOST = "$(BUILT_PRODUCTS_DIR)/WotMovie.app/WotMovie";
			};
			name = Release;
		};
		85CF3487252D430F00A101C9 /* Debug */ = {
			isa = XCBuildConfiguration;
			buildSettings = {
				ALWAYS_EMBED_SWIFT_STANDARD_LIBRARIES = YES;
				CODE_SIGN_STYLE = Automatic;
				DEVELOPMENT_TEAM = YTRTBZT9JR;
				INFOPLIST_FILE = WotMovieUITests/Info.plist;
				LD_RUNPATH_SEARCH_PATHS = (
					"$(inherited)",
					"@executable_path/Frameworks",
					"@loader_path/Frameworks",
				);
				PRODUCT_BUNDLE_IDENTIFIER = com.griffinstorback.WotMovieUITests;
				PRODUCT_NAME = "$(TARGET_NAME)";
				SWIFT_VERSION = 5.0;
				TARGETED_DEVICE_FAMILY = "1,2";
				TEST_TARGET_NAME = WotMovie;
			};
			name = Debug;
		};
		85CF3488252D430F00A101C9 /* Release */ = {
			isa = XCBuildConfiguration;
			buildSettings = {
				ALWAYS_EMBED_SWIFT_STANDARD_LIBRARIES = YES;
				CODE_SIGN_STYLE = Automatic;
				DEVELOPMENT_TEAM = YTRTBZT9JR;
				INFOPLIST_FILE = WotMovieUITests/Info.plist;
				LD_RUNPATH_SEARCH_PATHS = (
					"$(inherited)",
					"@executable_path/Frameworks",
					"@loader_path/Frameworks",
				);
				PRODUCT_BUNDLE_IDENTIFIER = com.griffinstorback.WotMovieUITests;
				PRODUCT_NAME = "$(TARGET_NAME)";
				SWIFT_VERSION = 5.0;
				TARGETED_DEVICE_FAMILY = "1,2";
				TEST_TARGET_NAME = WotMovie;
			};
			name = Release;
		};
/* End XCBuildConfiguration section */

/* Begin XCConfigurationList section */
		85CF344E252D430C00A101C9 /* Build configuration list for PBXProject "WotMovie" */ = {
			isa = XCConfigurationList;
			buildConfigurations = (
				85CF347E252D430F00A101C9 /* Debug */,
				85CF347F252D430F00A101C9 /* Release */,
			);
			defaultConfigurationIsVisible = 0;
			defaultConfigurationName = Release;
		};
		85CF3480252D430F00A101C9 /* Build configuration list for PBXNativeTarget "WotMovie" */ = {
			isa = XCConfigurationList;
			buildConfigurations = (
				85CF3481252D430F00A101C9 /* Debug */,
				85CF3482252D430F00A101C9 /* Release */,
			);
			defaultConfigurationIsVisible = 0;
			defaultConfigurationName = Release;
		};
		85CF3483252D430F00A101C9 /* Build configuration list for PBXNativeTarget "WotMovieTests" */ = {
			isa = XCConfigurationList;
			buildConfigurations = (
				85CF3484252D430F00A101C9 /* Debug */,
				85CF3485252D430F00A101C9 /* Release */,
			);
			defaultConfigurationIsVisible = 0;
			defaultConfigurationName = Release;
		};
		85CF3486252D430F00A101C9 /* Build configuration list for PBXNativeTarget "WotMovieUITests" */ = {
			isa = XCConfigurationList;
			buildConfigurations = (
				85CF3487252D430F00A101C9 /* Debug */,
				85CF3488252D430F00A101C9 /* Release */,
			);
			defaultConfigurationIsVisible = 0;
			defaultConfigurationName = Release;
		};
/* End XCConfigurationList section */

/* Begin XCVersionGroup section */
		85CF345F252D430C00A101C9 /* WotMovie.xcdatamodeld */ = {
			isa = XCVersionGroup;
			children = (
				85CF3460252D430C00A101C9 /* WotMovie.xcdatamodel */,
			);
			currentVersion = 85CF3460252D430C00A101C9 /* WotMovie.xcdatamodel */;
			path = WotMovie.xcdatamodeld;
			sourceTree = "<group>";
			versionGroupType = wrapper.xcdatamodel;
		};
/* End XCVersionGroup section */
	};
	rootObject = 85CF344B252D430C00A101C9 /* Project object */;
}
